// !$*UTF8*$!
{
	archiveVersion = 1;
	classes = {
	};
	objectVersion = 55;
	objects = {

/* Begin PBXBuildFile section */
		083096E12813366900EDC748 /* LandmarksApp.swift in Sources */ = {isa = PBXBuildFile; fileRef = 083096E02813366900EDC748 /* LandmarksApp.swift */; };
		083096E32813366900EDC748 /* ContentView.swift in Sources */ = {isa = PBXBuildFile; fileRef = 083096E22813366900EDC748 /* ContentView.swift */; };
		083096E52813366B00EDC748 /* Assets.xcassets in Resources */ = {isa = PBXBuildFile; fileRef = 083096E42813366B00EDC748 /* Assets.xcassets */; };
		083096E82813366B00EDC748 /* Preview Assets.xcassets in Resources */ = {isa = PBXBuildFile; fileRef = 083096E72813366B00EDC748 /* Preview Assets.xcassets */; };
		083096F12813431400EDC748 /* CircleImage.swift in Sources */ = {isa = PBXBuildFile; fileRef = 083096F02813431400EDC748 /* CircleImage.swift */; };
		083096F328134D0700EDC748 /* MapView.swift in Sources */ = {isa = PBXBuildFile; fileRef = 083096F228134D0700EDC748 /* MapView.swift */; };
		083096F5281360E000EDC748 /* landmarkData.json in Resources */ = {isa = PBXBuildFile; fileRef = 083096F4281360E000EDC748 /* landmarkData.json */; };
		083096F728138AE300EDC748 /* Landmark.swift in Sources */ = {isa = PBXBuildFile; fileRef = 083096F628138AE300EDC748 /* Landmark.swift */; };
		083096F92813923500EDC748 /* ModelData.swift in Sources */ = {isa = PBXBuildFile; fileRef = 083096F82813923500EDC748 /* ModelData.swift */; };
		083096FE2813952A00EDC748 /* LandmarkRow.swift in Sources */ = {isa = PBXBuildFile; fileRef = 083096FD2813952A00EDC748 /* LandmarkRow.swift */; };
		083097002813B1B500EDC748 /* LandmarkList.swift in Sources */ = {isa = PBXBuildFile; fileRef = 083096FF2813B1B500EDC748 /* LandmarkList.swift */; };
		0830970228149C3C00EDC748 /* LandmarkDetail.swift in Sources */ = {isa = PBXBuildFile; fileRef = 0830970128149C3C00EDC748 /* LandmarkDetail.swift */; };
		083097042816082D00EDC748 /* FavoriteButton.swift in Sources */ = {isa = PBXBuildFile; fileRef = 083097032816082D00EDC748 /* FavoriteButton.swift */; };
		083097082816F65A00EDC748 /* HexagonParameters.swift in Sources */ = {isa = PBXBuildFile; fileRef = 083097072816F65A00EDC748 /* HexagonParameters.swift */; };
		0830970A2817276800EDC748 /* BadgeBackground.swift in Sources */ = {isa = PBXBuildFile; fileRef = 083097092817276800EDC748 /* BadgeBackground.swift */; };
		0830970C2819CB2F00EDC748 /* BadgeSymbol.swift in Sources */ = {isa = PBXBuildFile; fileRef = 0830970B2819CB2F00EDC748 /* BadgeSymbol.swift */; };
		0830970E2819CC8E00EDC748 /* RotatedBadgeSymbol.swift in Sources */ = {isa = PBXBuildFile; fileRef = 0830970D2819CC8E00EDC748 /* RotatedBadgeSymbol.swift */; };
		083097102819CE9F00EDC748 /* Badge.swift in Sources */ = {isa = PBXBuildFile; fileRef = 0830970F2819CE9F00EDC748 /* Badge.swift */; };
		08309713281A05EB00EDC748 /* hikeData.json in Resources */ = {isa = PBXBuildFile; fileRef = 08309712281A05EB00EDC748 /* hikeData.json */; };
		08309715281A069400EDC748 /* Hike.swift in Sources */ = {isa = PBXBuildFile; fileRef = 08309714281A069400EDC748 /* Hike.swift */; };
		0830971B281A0BA800EDC748 /* GraphCapsule.swift in Sources */ = {isa = PBXBuildFile; fileRef = 08309717281A0BA800EDC748 /* GraphCapsule.swift */; };
		0830971C281A0BA800EDC748 /* HikeGraph.swift in Sources */ = {isa = PBXBuildFile; fileRef = 08309718281A0BA800EDC748 /* HikeGraph.swift */; };
		0830971D281A0BA800EDC748 /* HikeDetail.swift in Sources */ = {isa = PBXBuildFile; fileRef = 08309719281A0BA800EDC748 /* HikeDetail.swift */; };
		0830971E281A0BA800EDC748 /* HikeView.swift in Sources */ = {isa = PBXBuildFile; fileRef = 0830971A281A0BA800EDC748 /* HikeView.swift */; };
		08309721281B228300EDC748 /* CategoryHome.swift in Sources */ = {isa = PBXBuildFile; fileRef = 08309720281B228300EDC748 /* CategoryHome.swift */; };
		08309723281B6EEA00EDC748 /* CategoryRow.swift in Sources */ = {isa = PBXBuildFile; fileRef = 08309722281B6EEA00EDC748 /* CategoryRow.swift */; };
		08309725281DE64900EDC748 /* CategoryItem.swift in Sources */ = {isa = PBXBuildFile; fileRef = 08309724281DE64900EDC748 /* CategoryItem.swift */; };
/* End PBXBuildFile section */

/* Begin PBXFileReference section */
		083096DD2813366900EDC748 /* Landmarks.app */ = {isa = PBXFileReference; explicitFileType = wrapper.application; includeInIndex = 0; path = Landmarks.app; sourceTree = BUILT_PRODUCTS_DIR; };
		083096E02813366900EDC748 /* LandmarksApp.swift */ = {isa = PBXFileReference; lastKnownFileType = sourcecode.swift; path = LandmarksApp.swift; sourceTree = "<group>"; };
		083096E22813366900EDC748 /* ContentView.swift */ = {isa = PBXFileReference; lastKnownFileType = sourcecode.swift; path = ContentView.swift; sourceTree = "<group>"; };
		083096E42813366B00EDC748 /* Assets.xcassets */ = {isa = PBXFileReference; lastKnownFileType = folder.assetcatalog; path = Assets.xcassets; sourceTree = "<group>"; };
		083096E72813366B00EDC748 /* Preview Assets.xcassets */ = {isa = PBXFileReference; lastKnownFileType = folder.assetcatalog; path = "Preview Assets.xcassets"; sourceTree = "<group>"; };
		083096F02813431400EDC748 /* CircleImage.swift */ = {isa = PBXFileReference; lastKnownFileType = sourcecode.swift; path = CircleImage.swift; sourceTree = "<group>"; };
		083096F228134D0700EDC748 /* MapView.swift */ = {isa = PBXFileReference; lastKnownFileType = sourcecode.swift; path = MapView.swift; sourceTree = "<group>"; };
		083096F4281360E000EDC748 /* landmarkData.json */ = {isa = PBXFileReference; fileEncoding = 4; lastKnownFileType = text.json; path = landmarkData.json; sourceTree = "<group>"; };
		083096F628138AE300EDC748 /* Landmark.swift */ = {isa = PBXFileReference; lastKnownFileType = sourcecode.swift; path = Landmark.swift; sourceTree = "<group>"; };
		083096F82813923500EDC748 /* ModelData.swift */ = {isa = PBXFileReference; lastKnownFileType = sourcecode.swift; path = ModelData.swift; sourceTree = "<group>"; };
		083096FD2813952A00EDC748 /* LandmarkRow.swift */ = {isa = PBXFileReference; lastKnownFileType = sourcecode.swift; path = LandmarkRow.swift; sourceTree = "<group>"; };
		083096FF2813B1B500EDC748 /* LandmarkList.swift */ = {isa = PBXFileReference; lastKnownFileType = sourcecode.swift; path = LandmarkList.swift; sourceTree = "<group>"; };
		0830970128149C3C00EDC748 /* LandmarkDetail.swift */ = {isa = PBXFileReference; lastKnownFileType = sourcecode.swift; path = LandmarkDetail.swift; sourceTree = "<group>"; };
		083097032816082D00EDC748 /* FavoriteButton.swift */ = {isa = PBXFileReference; lastKnownFileType = sourcecode.swift; path = FavoriteButton.swift; sourceTree = "<group>"; };
		083097072816F65A00EDC748 /* HexagonParameters.swift */ = {isa = PBXFileReference; lastKnownFileType = sourcecode.swift; path = HexagonParameters.swift; sourceTree = "<group>"; };
		083097092817276800EDC748 /* BadgeBackground.swift */ = {isa = PBXFileReference; lastKnownFileType = sourcecode.swift; path = BadgeBackground.swift; sourceTree = "<group>"; };
		0830970B2819CB2F00EDC748 /* BadgeSymbol.swift */ = {isa = PBXFileReference; lastKnownFileType = sourcecode.swift; path = BadgeSymbol.swift; sourceTree = "<group>"; };
		0830970D2819CC8E00EDC748 /* RotatedBadgeSymbol.swift */ = {isa = PBXFileReference; lastKnownFileType = sourcecode.swift; path = RotatedBadgeSymbol.swift; sourceTree = "<group>"; };
		0830970F2819CE9F00EDC748 /* Badge.swift */ = {isa = PBXFileReference; lastKnownFileType = sourcecode.swift; path = Badge.swift; sourceTree = "<group>"; };
		08309712281A05EB00EDC748 /* hikeData.json */ = {isa = PBXFileReference; fileEncoding = 4; lastKnownFileType = text.json; path = hikeData.json; sourceTree = "<group>"; };
		08309714281A069400EDC748 /* Hike.swift */ = {isa = PBXFileReference; lastKnownFileType = sourcecode.swift; path = Hike.swift; sourceTree = "<group>"; };
		08309717281A0BA800EDC748 /* GraphCapsule.swift */ = {isa = PBXFileReference; fileEncoding = 4; lastKnownFileType = sourcecode.swift; path = GraphCapsule.swift; sourceTree = "<group>"; };
		08309718281A0BA800EDC748 /* HikeGraph.swift */ = {isa = PBXFileReference; fileEncoding = 4; lastKnownFileType = sourcecode.swift; path = HikeGraph.swift; sourceTree = "<group>"; };
		08309719281A0BA800EDC748 /* HikeDetail.swift */ = {isa = PBXFileReference; fileEncoding = 4; lastKnownFileType = sourcecode.swift; path = HikeDetail.swift; sourceTree = "<group>"; };
		0830971A281A0BA800EDC748 /* HikeView.swift */ = {isa = PBXFileReference; fileEncoding = 4; lastKnownFileType = sourcecode.swift; path = HikeView.swift; sourceTree = "<group>"; };
		08309720281B228300EDC748 /* CategoryHome.swift */ = {isa = PBXFileReference; lastKnownFileType = sourcecode.swift; path = CategoryHome.swift; sourceTree = "<group>"; };
		08309722281B6EEA00EDC748 /* CategoryRow.swift */ = {isa = PBXFileReference; lastKnownFileType = sourcecode.swift; path = CategoryRow.swift; sourceTree = "<group>"; };
		08309724281DE64900EDC748 /* CategoryItem.swift */ = {isa = PBXFileReference; lastKnownFileType = sourcecode.swift; path = CategoryItem.swift; sourceTree = "<group>"; };
/* End PBXFileReference section */

/* Begin PBXFrameworksBuildPhase section */
		083096DA2813366900EDC748 /* Frameworks */ = {
			isa = PBXFrameworksBuildPhase;
			buildActionMask = 2147483647;
			files = (
			);
			runOnlyForDeploymentPostprocessing = 0;
		};
/* End PBXFrameworksBuildPhase section */

/* Begin PBXGroup section */
		083096D42813366900EDC748 = {
			isa = PBXGroup;
			children = (
				083096DF2813366900EDC748 /* Landmarks */,
				083096DE2813366900EDC748 /* Products */,
			);
			sourceTree = "<group>";
		};
		083096DE2813366900EDC748 /* Products */ = {
			isa = PBXGroup;
			children = (
				083096DD2813366900EDC748 /* Landmarks.app */,
			);
			name = Products;
			sourceTree = "<group>";
		};
		083096DF2813366900EDC748 /* Landmarks */ = {
			isa = PBXGroup;
			children = (
				083096FC2813948900EDC748 /* Resources */,
				083096FB2813947D00EDC748 /* Model */,
				083096E02813366900EDC748 /* LandmarksApp.swift */,
				083096E42813366B00EDC748 /* Assets.xcassets */,
				083096FA2813945B00EDC748 /* Views */,
				083096E62813366B00EDC748 /* Preview Content */,
			);
			path = Landmarks;
			sourceTree = "<group>";
		};
		083096E62813366B00EDC748 /* Preview Content */ = {
			isa = PBXGroup;
			children = (
				083096E72813366B00EDC748 /* Preview Assets.xcassets */,
			);
			path = "Preview Content";
			sourceTree = "<group>";
		};
		083096FA2813945B00EDC748 /* Views */ = {
			isa = PBXGroup;
			children = (
				0830971F281B226E00EDC748 /* Categories */,
				08309716281A0BA800EDC748 /* Hikes */,
				083097112819D14300EDC748 /* Badges */,
				0830970628160B5700EDC748 /* Landmarks */,
				0830970528160B4200EDC748 /* Helpers */,
				083096E22813366900EDC748 /* ContentView.swift */,
			);
			path = Views;
			sourceTree = "<group>";
		};
		083096FB2813947D00EDC748 /* Model */ = {
			isa = PBXGroup;
			children = (
				083096F82813923500EDC748 /* ModelData.swift */,
				083096F628138AE300EDC748 /* Landmark.swift */,
				08309714281A069400EDC748 /* Hike.swift */,
			);
			path = Model;
			sourceTree = "<group>";
		};
		083096FC2813948900EDC748 /* Resources */ = {
			isa = PBXGroup;
			children = (
				08309712281A05EB00EDC748 /* hikeData.json */,
				083096F4281360E000EDC748 /* landmarkData.json */,
			);
			path = Resources;
			sourceTree = "<group>";
		};
		0830970528160B4200EDC748 /* Helpers */ = {
			isa = PBXGroup;
			children = (
				083097032816082D00EDC748 /* FavoriteButton.swift */,
				083096F228134D0700EDC748 /* MapView.swift */,
				083096F02813431400EDC748 /* CircleImage.swift */,
			);
			path = Helpers;
			sourceTree = "<group>";
		};
		0830970628160B5700EDC748 /* Landmarks */ = {
			isa = PBXGroup;
			children = (
				083096FD2813952A00EDC748 /* LandmarkRow.swift */,
				083096FF2813B1B500EDC748 /* LandmarkList.swift */,
				0830970128149C3C00EDC748 /* LandmarkDetail.swift */,
			);
			path = Landmarks;
			sourceTree = "<group>";
		};
		083097112819D14300EDC748 /* Badges */ = {
			isa = PBXGroup;
			children = (
				0830970F2819CE9F00EDC748 /* Badge.swift */,
				083097092817276800EDC748 /* BadgeBackground.swift */,
				0830970B2819CB2F00EDC748 /* BadgeSymbol.swift */,
				0830970D2819CC8E00EDC748 /* RotatedBadgeSymbol.swift */,
				083097072816F65A00EDC748 /* HexagonParameters.swift */,
			);
			path = Badges;
			sourceTree = "<group>";
		};
		08309716281A0BA800EDC748 /* Hikes */ = {
			isa = PBXGroup;
			children = (
				08309717281A0BA800EDC748 /* GraphCapsule.swift */,
				08309718281A0BA800EDC748 /* HikeGraph.swift */,
				08309719281A0BA800EDC748 /* HikeDetail.swift */,
				0830971A281A0BA800EDC748 /* HikeView.swift */,
			);
			path = Hikes;
			sourceTree = "<group>";
		};
		0830971F281B226E00EDC748 /* Categories */ = {
			isa = PBXGroup;
			children = (
				08309720281B228300EDC748 /* CategoryHome.swift */,
				08309722281B6EEA00EDC748 /* CategoryRow.swift */,
				08309724281DE64900EDC748 /* CategoryItem.swift */,
			);
			path = Categories;
			sourceTree = "<group>";
		};
/* End PBXGroup section */

/* Begin PBXNativeTarget section */
		083096DC2813366900EDC748 /* Landmarks */ = {
			isa = PBXNativeTarget;
			buildConfigurationList = 083096EB2813366B00EDC748 /* Build configuration list for PBXNativeTarget "Landmarks" */;
			buildPhases = (
				083096D92813366900EDC748 /* Sources */,
				083096DA2813366900EDC748 /* Frameworks */,
				083096DB2813366900EDC748 /* Resources */,
			);
			buildRules = (
			);
			dependencies = (
			);
			name = Landmarks;
			productName = Landmarks;
			productReference = 083096DD2813366900EDC748 /* Landmarks.app */;
			productType = "com.apple.product-type.application";
		};
/* End PBXNativeTarget section */

/* Begin PBXProject section */
		083096D52813366900EDC748 /* Project object */ = {
			isa = PBXProject;
			attributes = {
				BuildIndependentTargetsInParallel = 1;
				LastSwiftUpdateCheck = 1330;
				LastUpgradeCheck = 1330;
				TargetAttributes = {
					083096DC2813366900EDC748 = {
						CreatedOnToolsVersion = 13.3;
					};
				};
			};
			buildConfigurationList = 083096D82813366900EDC748 /* Build configuration list for PBXProject "Landmarks" */;
			compatibilityVersion = "Xcode 13.0";
			developmentRegion = en;
			hasScannedForEncodings = 0;
			knownRegions = (
				en,
				Base,
			);
			mainGroup = 083096D42813366900EDC748;
			productRefGroup = 083096DE2813366900EDC748 /* Products */;
			projectDirPath = "";
			projectRoot = "";
			targets = (
				083096DC2813366900EDC748 /* Landmarks */,
			);
		};
/* End PBXProject section */

/* Begin PBXResourcesBuildPhase section */
		083096DB2813366900EDC748 /* Resources */ = {
			isa = PBXResourcesBuildPhase;
			buildActionMask = 2147483647;
			files = (
				08309713281A05EB00EDC748 /* hikeData.json in Resources */,
				083096E82813366B00EDC748 /* Preview Assets.xcassets in Resources */,
				083096E52813366B00EDC748 /* Assets.xcassets in Resources */,
				083096F5281360E000EDC748 /* landmarkData.json in Resources */,
			);
			runOnlyForDeploymentPostprocessing = 0;
		};
/* End PBXResourcesBuildPhase section */

/* Begin PBXSourcesBuildPhase section */
		083096D92813366900EDC748 /* Sources */ = {
			isa = PBXSourcesBuildPhase;
			buildActionMask = 2147483647;
			files = (
				08309723281B6EEA00EDC748 /* CategoryRow.swift in Sources */,
				083096E32813366900EDC748 /* ContentView.swift in Sources */,
				0830971C281A0BA800EDC748 /* HikeGraph.swift in Sources */,
				083097102819CE9F00EDC748 /* Badge.swift in Sources */,
				083096F328134D0700EDC748 /* MapView.swift in Sources */,
				0830971B281A0BA800EDC748 /* GraphCapsule.swift in Sources */,
				083096E12813366900EDC748 /* LandmarksApp.swift in Sources */,
				083097042816082D00EDC748 /* FavoriteButton.swift in Sources */,
				0830971D281A0BA800EDC748 /* HikeDetail.swift in Sources */,
				08309725281DE64900EDC748 /* CategoryItem.swift in Sources */,
				08309721281B228300EDC748 /* CategoryHome.swift in Sources */,
				083097082816F65A00EDC748 /* HexagonParameters.swift in Sources */,
				08309715281A069400EDC748 /* Hike.swift in Sources */,
				0830970E2819CC8E00EDC748 /* RotatedBadgeSymbol.swift in Sources */,
				0830970C2819CB2F00EDC748 /* BadgeSymbol.swift in Sources */,
				083097002813B1B500EDC748 /* LandmarkList.swift in Sources */,
				0830971E281A0BA800EDC748 /* HikeView.swift in Sources */,
				0830970228149C3C00EDC748 /* LandmarkDetail.swift in Sources */,
				0830970A2817276800EDC748 /* BadgeBackground.swift in Sources */,
				083096F12813431400EDC748 /* CircleImage.swift in Sources */,
				083096F728138AE300EDC748 /* Landmark.swift in Sources */,
				083096FE2813952A00EDC748 /* LandmarkRow.swift in Sources */,
				083096F92813923500EDC748 /* ModelData.swift in Sources */,
			);
			runOnlyForDeploymentPostprocessing = 0;
		};
/* End PBXSourcesBuildPhase section */

/* Begin XCBuildConfiguration section */
		083096E92813366B00EDC748 /* Debug */ = {
			isa = XCBuildConfiguration;
			buildSettings = {
				ALWAYS_SEARCH_USER_PATHS = NO;
				CLANG_ANALYZER_NONNULL = YES;
				CLANG_ANALYZER_NUMBER_OBJECT_CONVERSION = YES_AGGRESSIVE;
				CLANG_CXX_LANGUAGE_STANDARD = "gnu++17";
				CLANG_ENABLE_MODULES = YES;
				CLANG_ENABLE_OBJC_ARC = YES;
				CLANG_ENABLE_OBJC_WEAK = YES;
				CLANG_WARN_BLOCK_CAPTURE_AUTORELEASING = YES;
				CLANG_WARN_BOOL_CONVERSION = YES;
				CLANG_WARN_COMMA = YES;
				CLANG_WARN_CONSTANT_CONVERSION = YES;
				CLANG_WARN_DEPRECATED_OBJC_IMPLEMENTATIONS = YES;
				CLANG_WARN_DIRECT_OBJC_ISA_USAGE = YES_ERROR;
				CLANG_WARN_DOCUMENTATION_COMMENTS = YES;
				CLANG_WARN_EMPTY_BODY = YES;
				CLANG_WARN_ENUM_CONVERSION = YES;
				CLANG_WARN_INFINITE_RECURSION = YES;
				CLANG_WARN_INT_CONVERSION = YES;
				CLANG_WARN_NON_LITERAL_NULL_CONVERSION = YES;
				CLANG_WARN_OBJC_IMPLICIT_RETAIN_SELF = YES;
				CLANG_WARN_OBJC_LITERAL_CONVERSION = YES;
				CLANG_WARN_OBJC_ROOT_CLASS = YES_ERROR;
				CLANG_WARN_QUOTED_INCLUDE_IN_FRAMEWORK_HEADER = YES;
				CLANG_WARN_RANGE_LOOP_ANALYSIS = YES;
				CLANG_WARN_STRICT_PROTOTYPES = YES;
				CLANG_WARN_SUSPICIOUS_MOVE = YES;
				CLANG_WARN_UNGUARDED_AVAILABILITY = YES_AGGRESSIVE;
				CLANG_WARN_UNREACHABLE_CODE = YES;
				CLANG_WARN__DUPLICATE_METHOD_MATCH = YES;
				COPY_PHASE_STRIP = NO;
				DEBUG_INFORMATION_FORMAT = dwarf;
				ENABLE_STRICT_OBJC_MSGSEND = YES;
				ENABLE_TESTABILITY = YES;
				GCC_C_LANGUAGE_STANDARD = gnu11;
				GCC_DYNAMIC_NO_PIC = NO;
				GCC_NO_COMMON_BLOCKS = YES;
				GCC_OPTIMIZATION_LEVEL = 0;
				GCC_PREPROCESSOR_DEFINITIONS = (
					"DEBUG=1",
					"$(inherited)",
				);
				GCC_WARN_64_TO_32_BIT_CONVERSION = YES;
				GCC_WARN_ABOUT_RETURN_TYPE = YES_ERROR;
				GCC_WARN_UNDECLARED_SELECTOR = YES;
				GCC_WARN_UNINITIALIZED_AUTOS = YES_AGGRESSIVE;
				GCC_WARN_UNUSED_FUNCTION = YES;
				GCC_WARN_UNUSED_VARIABLE = YES;
				IPHONEOS_DEPLOYMENT_TARGET = 15.4;
				MTL_ENABLE_DEBUG_INFO = INCLUDE_SOURCE;
				MTL_FAST_MATH = YES;
				ONLY_ACTIVE_ARCH = YES;
				SDKROOT = iphoneos;
				SWIFT_ACTIVE_COMPILATION_CONDITIONS = DEBUG;
				SWIFT_OPTIMIZATION_LEVEL = "-Onone";
			};
			name = Debug;
		};
		083096EA2813366B00EDC748 /* Release */ = {
			isa = XCBuildConfiguration;
			buildSettings = {
				ALWAYS_SEARCH_USER_PATHS = NO;
				CLANG_ANALYZER_NONNULL = YES;
				CLANG_ANALYZER_NUMBER_OBJECT_CONVERSION = YES_AGGRESSIVE;
				CLANG_CXX_LANGUAGE_STANDARD = "gnu++17";
				CLANG_ENABLE_MODULES = YES;
				CLANG_ENABLE_OBJC_ARC = YES;
				CLANG_ENABLE_OBJC_WEAK = YES;
				CLANG_WARN_BLOCK_CAPTURE_AUTORELEASING = YES;
				CLANG_WARN_BOOL_CONVERSION = YES;
				CLANG_WARN_COMMA = YES;
				CLANG_WARN_CONSTANT_CONVERSION = YES;
				CLANG_WARN_DEPRECATED_OBJC_IMPLEMENTATIONS = YES;
				CLANG_WARN_DIRECT_OBJC_ISA_USAGE = YES_ERROR;
				CLANG_WARN_DOCUMENTATION_COMMENTS = YES;
				CLANG_WARN_EMPTY_BODY = YES;
				CLANG_WARN_ENUM_CONVERSION = YES;
				CLANG_WARN_INFINITE_RECURSION = YES;
				CLANG_WARN_INT_CONVERSION = YES;
				CLANG_WARN_NON_LITERAL_NULL_CONVERSION = YES;
				CLANG_WARN_OBJC_IMPLICIT_RETAIN_SELF = YES;
				CLANG_WARN_OBJC_LITERAL_CONVERSION = YES;
				CLANG_WARN_OBJC_ROOT_CLASS = YES_ERROR;
				CLANG_WARN_QUOTED_INCLUDE_IN_FRAMEWORK_HEADER = YES;
				CLANG_WARN_RANGE_LOOP_ANALYSIS = YES;
				CLANG_WARN_STRICT_PROTOTYPES = YES;
				CLANG_WARN_SUSPICIOUS_MOVE = YES;
				CLANG_WARN_UNGUARDED_AVAILABILITY = YES_AGGRESSIVE;
				CLANG_WARN_UNREACHABLE_CODE = YES;
				CLANG_WARN__DUPLICATE_METHOD_MATCH = YES;
				COPY_PHASE_STRIP = NO;
				DEBUG_INFORMATION_FORMAT = "dwarf-with-dsym";
				ENABLE_NS_ASSERTIONS = NO;
				ENABLE_STRICT_OBJC_MSGSEND = YES;
				GCC_C_LANGUAGE_STANDARD = gnu11;
				GCC_NO_COMMON_BLOCKS = YES;
				GCC_WARN_64_TO_32_BIT_CONVERSION = YES;
				GCC_WARN_ABOUT_RETURN_TYPE = YES_ERROR;
				GCC_WARN_UNDECLARED_SELECTOR = YES;
				GCC_WARN_UNINITIALIZED_AUTOS = YES_AGGRESSIVE;
				GCC_WARN_UNUSED_FUNCTION = YES;
				GCC_WARN_UNUSED_VARIABLE = YES;
				IPHONEOS_DEPLOYMENT_TARGET = 15.4;
				MTL_ENABLE_DEBUG_INFO = NO;
				MTL_FAST_MATH = YES;
				SDKROOT = iphoneos;
				SWIFT_COMPILATION_MODE = wholemodule;
				SWIFT_OPTIMIZATION_LEVEL = "-O";
				VALIDATE_PRODUCT = YES;
			};
			name = Release;
		};
		083096EC2813366B00EDC748 /* Debug */ = {
			isa = XCBuildConfiguration;
			buildSettings = {
				ASSETCATALOG_COMPILER_APPICON_NAME = AppIcon;
				ASSETCATALOG_COMPILER_GLOBAL_ACCENT_COLOR_NAME = AccentColor;
				CODE_SIGN_STYLE = Automatic;
				CURRENT_PROJECT_VERSION = 1;
				DEVELOPMENT_ASSET_PATHS = "\"Landmarks/Preview Content\"";
				DEVELOPMENT_TEAM = QF75J2Q8KS;
				ENABLE_PREVIEWS = YES;
				GENERATE_INFOPLIST_FILE = YES;
				INFOPLIST_KEY_UIApplicationSceneManifest_Generation = YES;
				INFOPLIST_KEY_UIApplicationSupportsIndirectInputEvents = YES;
				INFOPLIST_KEY_UILaunchScreen_Generation = YES;
				INFOPLIST_KEY_UISupportedInterfaceOrientations_iPad = "UIInterfaceOrientationPortrait UIInterfaceOrientationPortraitUpsideDown UIInterfaceOrientationLandscapeLeft UIInterfaceOrientationLandscapeRight";
				INFOPLIST_KEY_UISupportedInterfaceOrientations_iPhone = "UIInterfaceOrientationPortrait UIInterfaceOrientationLandscapeLeft UIInterfaceOrientationLandscapeRight";
				LD_RUNPATH_SEARCH_PATHS = (
					"$(inherited)",
					"@executable_path/Frameworks",
				);
				MARKETING_VERSION = 1.0;
				PRODUCT_BUNDLE_IDENTIFIER = KMEConsulting.Landmarks;
				PRODUCT_NAME = "$(TARGET_NAME)";
				SWIFT_EMIT_LOC_STRINGS = YES;
				SWIFT_VERSION = 5.0;
				TARGETED_DEVICE_FAMILY = "1,2";
			};
			name = Debug;
		};
		083096ED2813366B00EDC748 /* Release */ = {
			isa = XCBuildConfiguration;
			buildSettings = {
				ASSETCATALOG_COMPILER_APPICON_NAME = AppIcon;
				ASSETCATALOG_COMPILER_GLOBAL_ACCENT_COLOR_NAME = AccentColor;
				CODE_SIGN_STYLE = Automatic;
				CURRENT_PROJECT_VERSION = 1;
				DEVELOPMENT_ASSET_PATHS = "\"Landmarks/Preview Content\"";
				DEVELOPMENT_TEAM = QF75J2Q8KS;
				ENABLE_PREVIEWS = YES;
				GENERATE_INFOPLIST_FILE = YES;
				INFOPLIST_KEY_UIApplicationSceneManifest_Generation = YES;
				INFOPLIST_KEY_UIApplicationSupportsIndirectInputEvents = YES;
				INFOPLIST_KEY_UILaunchScreen_Generation = YES;
				INFOPLIST_KEY_UISupportedInterfaceOrientations_iPad = "UIInterfaceOrientationPortrait UIInterfaceOrientationPortraitUpsideDown UIInterfaceOrientationLandscapeLeft UIInterfaceOrientationLandscapeRight";
				INFOPLIST_KEY_UISupportedInterfaceOrientations_iPhone = "UIInterfaceOrientationPortrait UIInterfaceOrientationLandscapeLeft UIInterfaceOrientationLandscapeRight";
				LD_RUNPATH_SEARCH_PATHS = (
					"$(inherited)",
					"@executable_path/Frameworks",
				);
				MARKETING_VERSION = 1.0;
				PRODUCT_BUNDLE_IDENTIFIER = KMEConsulting.Landmarks;
				PRODUCT_NAME = "$(TARGET_NAME)";
				SWIFT_EMIT_LOC_STRINGS = YES;
				SWIFT_VERSION = 5.0;
				TARGETED_DEVICE_FAMILY = "1,2";
			};
			name = Release;
		};
/* End XCBuildConfiguration section */

/* Begin XCConfigurationList section */
		083096D82813366900EDC748 /* Build configuration list for PBXProject "Landmarks" */ = {
			isa = XCConfigurationList;
			buildConfigurations = (
				083096E92813366B00EDC748 /* Debug */,
				083096EA2813366B00EDC748 /* Release */,
			);
			defaultConfigurationIsVisible = 0;
			defaultConfigurationName = Release;
		};
		083096EB2813366B00EDC748 /* Build configuration list for PBXNativeTarget "Landmarks" */ = {
			isa = XCConfigurationList;
			buildConfigurations = (
				083096EC2813366B00EDC748 /* Debug */,
				083096ED2813366B00EDC748 /* Release */,
			);
			defaultConfigurationIsVisible = 0;
			defaultConfigurationName = Release;
		};
/* End XCConfigurationList section */
	};
	rootObject = 083096D52813366900EDC748 /* Project object */;
}
